
Microsoft Visual Studio Solution File, Format Version 12.00
# Visual Studio Version 16
VisualStudioVersion = 16.0.30907.101
MinimumVisualStudioVersion = 10.0.40219.1
Project("{9A19103F-16F7-4668-BE54-9A1E7A4F7556}") = "Program", "Program\Program.csproj", "{49C39EC5-919D-474A-AEF7-D92D4B5D5533}"
EndProject
Project("{FAE04EC0-301F-11D3-BF4B-00C04F79EFBC}") = "ProgramTests", "ProgramTests\ProgramTests.csproj", "{0454F882-B9BD-4621-A896-D5736FFC8DBE}"
EndProject
Global
	GlobalSection(SolutionConfigurationPlatforms) = preSolution
		Debug|Any CPU = Debug|Any CPU
		Release|Any CPU = Release|Any CPU
	EndGlobalSection
	GlobalSection(ProjectConfigurationPlatforms) = postSolution
		{49C39EC5-919D-474A-AEF7-D92D4B5D5533}.Debug|Any CPU.ActiveCfg = Debug|Any CPU
		{49C39EC5-919D-474A-AEF7-D92D4B5D5533}.Debug|Any CPU.Build.0 = Debug|Any CPU
		{49C39EC5-919D-474A-AEF7-D92D4B5D5533}.Release|Any CPU.ActiveCfg = Release|Any CPU
		{49C39EC5-919D-474A-AEF7-D92D4B5D5533}.Release|Any CPU.Build.0 = Release|Any CPU
		{0454F882-B9BD-4621-A896-D5736FFC8DBE}.Debug|Any CPU.ActiveCfg = Debug|Any CPU
		{0454F882-B9BD-4621-A896-D5736FFC8DBE}.Debug|Any CPU.Build.0 = Debug|Any CPU
		{0454F882-B9BD-4621-A896-D5736FFC8DBE}.Release|Any CPU.ActiveCfg = Release|Any CPU
		{0454F882-B9BD-4621-A896-D5736FFC8DBE}.Release|Any CPU.Build.0 = Release|Any CPU
	EndGlobalSection
	GlobalSection(SolutionProperties) = preSolution
		HideSolutionNode = FALSE
	EndGlobalSection
	GlobalSection(ExtensibilityGlobals) = postSolution
		SolutionGuid = {877EE242-3075-4D68-B2EB-99B03F7614DA}
	EndGlobalSection
EndGlobal
